
Microsoft Visual Studio Solution File, Format Version 12.00
# Visual Studio 15
VisualStudioVersion = 15.0.27004.2010
MinimumVisualStudioVersion = 10.0.40219.1
Project("{8BC9CEB8-8B4A-11D0-8D11-00A0C91BC942}") = "OsuBotAttempt2", "OsuBotAttempt2\OsuBotAttempt2.vcxproj", "{0D4FA623-09D5-4E16-B13A-7DE469B8BDEE}"
EndProject
Project("{8BC9CEB8-8B4A-11D0-8D11-00A0C91BC942}") = "OsuBot", "OsuBot\OsuBot.vcxproj", "{ED4B0496-EAB3-4712-B802-8BD072F93206}"
EndProject
Global
	GlobalSection(SolutionConfigurationPlatforms) = preSolution
		Debug|x64 = Debug|x64
		Debug|x86 = Debug|x86
		Release|x64 = Release|x64
		Release|x86 = Release|x86
	EndGlobalSection
	GlobalSection(ProjectConfigurationPlatforms) = postSolution
		{0D4FA623-09D5-4E16-B13A-7DE469B8BDEE}.Debug|x64.ActiveCfg = Debug|x64
		{0D4FA623-09D5-4E16-B13A-7DE469B8BDEE}.Debug|x64.Build.0 = Debug|x64
		{0D4FA623-09D5-4E16-B13A-7DE469B8BDEE}.Debug|x86.ActiveCfg = Debug|Win32
		{0D4FA623-09D5-4E16-B13A-7DE469B8BDEE}.Debug|x86.Build.0 = Debug|Win32
		{0D4FA623-09D5-4E16-B13A-7DE469B8BDEE}.Release|x64.ActiveCfg = Release|x64
		{0D4FA623-09D5-4E16-B13A-7DE469B8BDEE}.Release|x64.Build.0 = Release|x64
		{0D4FA623-09D5-4E16-B13A-7DE469B8BDEE}.Release|x86.ActiveCfg = Release|Win32
		{0D4FA623-09D5-4E16-B13A-7DE469B8BDEE}.Release|x86.Build.0 = Release|Win32
		{ED4B0496-EAB3-4712-B802-8BD072F93206}.Debug|x64.ActiveCfg = Debug|x64
		{ED4B0496-EAB3-4712-B802-8BD072F93206}.Debug|x64.Build.0 = Debug|x64
		{ED4B0496-EAB3-4712-B802-8BD072F93206}.Debug|x86.ActiveCfg = Debug|Win32
		{ED4B0496-EAB3-4712-B802-8BD072F93206}.Debug|x86.Build.0 = Debug|Win32
		{ED4B0496-EAB3-4712-B802-8BD072F93206}.Release|x64.ActiveCfg = Release|x64
		{ED4B0496-EAB3-4712-B802-8BD072F93206}.Release|x64.Build.0 = Release|x64
		{ED4B0496-EAB3-4712-B802-8BD072F93206}.Release|x86.ActiveCfg = Release|Win32
		{ED4B0496-EAB3-4712-B802-8BD072F93206}.Release|x86.Build.0 = Release|Win32
	EndGlobalSection
	GlobalSection(SolutionProperties) = preSolution
		HideSolutionNode = FALSE
	EndGlobalSection
	GlobalSection(ExtensibilityGlobals) = postSolution
		SolutionGuid = {6F411F84-5F98-44D8-A3E1-A5AAA65D2997}
	EndGlobalSection
EndGlobal
